
Microsoft Visual Studio Solution File, Format Version 12.00
# Visual Studio 14
VisualStudioVersion = 14.0.25123.0
MinimumVisualStudioVersion = 10.0.40219.1
Project("{FAE04EC0-301F-11D3-BF4B-00C04F79EFBC}") = "CSJ.NET", "CSJ.NET\CSJ.NET.csproj", "{671E4FE5-63F3-45CF-B51A-1F435EA2D28A}"
EndProject
Project("{FAE04EC0-301F-11D3-BF4B-00C04F79EFBC}") = "CSJ.NET.Tests", "CSJ.NET.Tests\CSJ.NET.Tests.csproj", "{4AD029CE-1661-42FA-B7C7-9009FF30E312}"
EndProject
Global
	GlobalSection(SolutionConfigurationPlatforms) = preSolution
		Debug|Any CPU = Debug|Any CPU
		Release|Any CPU = Release|Any CPU
	EndGlobalSection
	GlobalSection(ProjectConfigurationPlatforms) = postSolution
		{671E4FE5-63F3-45CF-B51A-1F435EA2D28A}.Debug|Any CPU.ActiveCfg = Debug|Any CPU
		{671E4FE5-63F3-45CF-B51A-1F435EA2D28A}.Debug|Any CPU.Build.0 = Debug|Any CPU
		{671E4FE5-63F3-45CF-B51A-1F435EA2D28A}.Release|Any CPU.ActiveCfg = Release|Any CPU
		{671E4FE5-63F3-45CF-B51A-1F435EA2D28A}.Release|Any CPU.Build.0 = Release|Any CPU
		{4AD029CE-1661-42FA-B7C7-9009FF30E312}.Debug|Any CPU.ActiveCfg = Debug|Any CPU
		{4AD029CE-1661-42FA-B7C7-9009FF30E312}.Debug|Any CPU.Build.0 = Debug|Any CPU
		{4AD029CE-1661-42FA-B7C7-9009FF30E312}.Release|Any CPU.ActiveCfg = Release|Any CPU
		{4AD029CE-1661-42FA-B7C7-9009FF30E312}.Release|Any CPU.Build.0 = Release|Any CPU
	EndGlobalSection
	GlobalSection(SolutionProperties) = preSolution
		HideSolutionNode = FALSE
	EndGlobalSection
EndGlobal
